
Microsoft Visual Studio Solution File, Format Version 12.00
# Visual Studio Version 16
VisualStudioVersion = 16.0.31702.278
MinimumVisualStudioVersion = 10.0.40219.1
Project("{8BC9CEB8-8B4A-11D0-8D11-00A0C91BC942}") = "tipdanuh", "tipdanuh\tipdanuh.vcxproj", "{F537DCB4-F975-4E74-91AE-F2BBE15D8021}"
EndProject
Global
	GlobalSection(SolutionConfigurationPlatforms) = preSolution
		Debug|x64 = Debug|x64
		Debug|x86 = Debug|x86
		Release|x64 = Release|x64
		Release|x86 = Release|x86
	EndGlobalSection
	GlobalSection(ProjectConfigurationPlatforms) = postSolution
		{F537DCB4-F975-4E74-91AE-F2BBE15D8021}.Debug|x64.ActiveCfg = Debug|x64
		{F537DCB4-F975-4E74-91AE-F2BBE15D8021}.Debug|x64.Build.0 = Debug|x64
		{F537DCB4-F975-4E74-91AE-F2BBE15D8021}.Debug|x86.ActiveCfg = Debug|Win32
		{F537DCB4-F975-4E74-91AE-F2BBE15D8021}.Debug|x86.Build.0 = Debug|Win32
		{F537DCB4-F975-4E74-91AE-F2BBE15D8021}.Release|x64.ActiveCfg = Release|x64
		{F537DCB4-F975-4E74-91AE-F2BBE15D8021}.Release|x64.Build.0 = Release|x64
		{F537DCB4-F975-4E74-91AE-F2BBE15D8021}.Release|x86.ActiveCfg = Release|Win32
		{F537DCB4-F975-4E74-91AE-F2BBE15D8021}.Release|x86.Build.0 = Release|Win32
	EndGlobalSection
	GlobalSection(SolutionProperties) = preSolution
		HideSolutionNode = FALSE
	EndGlobalSection
	GlobalSection(ExtensibilityGlobals) = postSolution
		SolutionGuid = {95D79465-5EE5-4927-8411-69907B452BBA}
	EndGlobalSection
EndGlobal
