
Microsoft Visual Studio Solution File, Format Version 12.00
# Visual Studio Version 16
VisualStudioVersion = 16.0.31702.278
MinimumVisualStudioVersion = 10.0.40219.1
Project("{8BC9CEB8-8B4A-11D0-8D11-00A0C91BC942}") = "^8", "^8\^8.vcxproj", "{BFAD2C30-A6ED-44FB-A4E4-D2814BF5C479}"
EndProject
Global
	GlobalSection(SolutionConfigurationPlatforms) = preSolution
		Debug|x64 = Debug|x64
		Debug|x86 = Debug|x86
		Release|x64 = Release|x64
		Release|x86 = Release|x86
	EndGlobalSection
	GlobalSection(ProjectConfigurationPlatforms) = postSolution
		{BFAD2C30-A6ED-44FB-A4E4-D2814BF5C479}.Debug|x64.ActiveCfg = Debug|x64
		{BFAD2C30-A6ED-44FB-A4E4-D2814BF5C479}.Debug|x64.Build.0 = Debug|x64
		{BFAD2C30-A6ED-44FB-A4E4-D2814BF5C479}.Debug|x86.ActiveCfg = Debug|Win32
		{BFAD2C30-A6ED-44FB-A4E4-D2814BF5C479}.Debug|x86.Build.0 = Debug|Win32
		{BFAD2C30-A6ED-44FB-A4E4-D2814BF5C479}.Release|x64.ActiveCfg = Release|x64
		{BFAD2C30-A6ED-44FB-A4E4-D2814BF5C479}.Release|x64.Build.0 = Release|x64
		{BFAD2C30-A6ED-44FB-A4E4-D2814BF5C479}.Release|x86.ActiveCfg = Release|Win32
		{BFAD2C30-A6ED-44FB-A4E4-D2814BF5C479}.Release|x86.Build.0 = Release|Win32
	EndGlobalSection
	GlobalSection(SolutionProperties) = preSolution
		HideSolutionNode = FALSE
	EndGlobalSection
	GlobalSection(ExtensibilityGlobals) = postSolution
		SolutionGuid = {B4DD2113-D9FD-45CB-9F2C-F1536E80A2E5}
	EndGlobalSection
EndGlobal
